{
  "name": "javascript-module",
  "version": "1.0.0",
  "lockfileVersion": 2,
  "requires": true,
  "packages": {
    "": {
      "name": "javascript-module",
      "version": "1.0.0",
      "license": "ISC",
      "dependencies": {
        "@vimeo/player": "^2.18.0",
        "bootstrap.native": "^5.0.4",
        "flatpickr": "^4.6.13",
        "joi": "^17.6.4",
        "lodash": "^4.17.21",
        "lodash.throttle": "^4.1.1",
        "notiflix": "^3.2.6",
        "shortid": "^2.2.16",
        "simplelightbox": "^2.12.1",
        "uuid": "^9.0.0"
      }
    },
    "node_modules/@hapi/hoek": {
      "version": "9.3.0",
      "resolved": "https://registry.npmjs.org/@hapi/hoek/-/hoek-9.3.0.tgz",
      "integrity": "sha512-/c6rf4UJlmHlC9b5BaNvzAcFv7HZ2QHaV0D4/HNlBdvFnvQq8RI4kYdhyPCl7Xj+oWvTWQ8ujhqS53LIgAe6KQ=="
    },
    "node_modules/@hapi/topo": {
      "version": "5.1.0",
      "resolved": "https://registry.npmjs.org/@hapi/topo/-/topo-5.1.0.tgz",
      "integrity": "sha512-foQZKJig7Ob0BMAYBfcJk8d77QtOe7Wo4ox7ff1lQYoNNAb6jwcY1ncdoy2e9wQZzvNy7ODZCYJkK8kzmcAnAg==",
      "dependencies": {
        "@hapi/hoek": "^9.0.0"
      }
    },
    "node_modules/@sideway/address": {
      "version": "4.1.4",
      "resolved": "https://registry.npmjs.org/@sideway/address/-/address-4.1.4.tgz",
      "integrity": "sha512-7vwq+rOHVWjyXxVlR76Agnvhy8I9rpzjosTESvmhNeXOXdZZB15Fl+TI9x1SiHZH5Jv2wTGduSxFDIaq0m3DUw==",
      "dependencies": {
        "@hapi/hoek": "^9.0.0"
      }
    },
    "node_modules/@sideway/formula": {
      "version": "3.0.0",
      "resolved": "https://registry.npmjs.org/@sideway/formula/-/formula-3.0.0.tgz",
      "integrity": "sha512-vHe7wZ4NOXVfkoRb8T5otiENVlT7a3IAiw7H5M2+GO+9CDgcVUUsX1zalAztCmwyOr2RUTGJdgB+ZvSVqmdHmg=="
    },
    "node_modules/@sideway/pinpoint": {
      "version": "2.0.0",
      "resolved": "https://registry.npmjs.org/@sideway/pinpoint/-/pinpoint-2.0.0.tgz",
      "integrity": "sha512-RNiOoTPkptFtSVzQevY/yWtZwf/RxyVnPy/OcA9HBM3MlGDnBEYL5B41H0MTn0Uec8Hi+2qUtTfG2WWZBmMejQ=="
    },
    "node_modules/@thednp/event-listener": {
      "version": "2.0.0-alpha8",
      "resolved": "https://registry.npmjs.org/@thednp/event-listener/-/event-listener-2.0.0-alpha8.tgz",
      "integrity": "sha512-5VVMxP0OqQy/0+TRbkLVgDoPROA2/icadwG14QRt5IWrq3dN4sBskkzHOFQyBX3t5WrXXr52ZXcsTc/WzlpsXg=="
    },
    "node_modules/@thednp/shorty": {
      "version": "2.0.0-alpha12",
      "resolved": "https://registry.npmjs.org/@thednp/shorty/-/shorty-2.0.0-alpha12.tgz",
      "integrity": "sha512-EYjIe5TnKzr+hq9S3YtVgOwsfshZxSXmorKrVdq/BiglHbyzQHhHqwCO9k5aZcFQmf/rcqX/VhoOPGNCpz6b0A=="
    },
    "node_modules/@vimeo/player": {
      "version": "2.18.0",
      "resolved": "https://registry.npmjs.org/@vimeo/player/-/player-2.18.0.tgz",
      "integrity": "sha512-AJ8LQJ0WQXoPO6GBiMRmcBpdpUMnNm12blG/H80BgKD75w/+pLw0t1vzDHCE915O2OlFau6u1Q0QVw2HS1eRvg==",
      "dependencies": {
        "native-promise-only": "0.8.1",
        "weakmap-polyfill": "2.0.4"
      }
    },
    "node_modules/bootstrap.native": {
      "version": "5.0.4",
      "resolved": "https://registry.npmjs.org/bootstrap.native/-/bootstrap.native-5.0.4.tgz",
      "integrity": "sha512-isPIHDAHfAyW5/fAqeKrkADx+GdUrDWdt4O4y/c8tfJKNGunRHESRX2T4Y8p9R+y2OP2k99YoUjYScGnJlU/dQ==",
      "dependencies": {
        "@thednp/event-listener": "^2.0.0-alpha8",
        "@thednp/shorty": "^2.0.0-alpha12"
      }
    },
    "node_modules/flatpickr": {
      "version": "4.6.13",
      "resolved": "https://registry.npmjs.org/flatpickr/-/flatpickr-4.6.13.tgz",
      "integrity": "sha512-97PMG/aywoYpB4IvbvUJi0RQi8vearvU0oov1WW3k0WZPBMrTQVqekSX5CjSG/M4Q3i6A/0FKXC7RyAoAUUSPw=="
    },
    "node_modules/joi": {
      "version": "17.6.4",
      "resolved": "https://registry.npmjs.org/joi/-/joi-17.6.4.tgz",
      "integrity": "sha512-tPzkTJHZQjSFCc842QpdVpOZ9LI2txApboNUbW70qgnRB14Lzl+oWQOPdF2N4yqyiY14wBGe8lc7f/2hZxbGmw==",
      "dependencies": {
        "@hapi/hoek": "^9.0.0",
        "@hapi/topo": "^5.0.0",
        "@sideway/address": "^4.1.3",
        "@sideway/formula": "^3.0.0",
        "@sideway/pinpoint": "^2.0.0"
      }
    },
    "node_modules/lodash": {
      "version": "4.17.21",
      "resolved": "https://registry.npmjs.org/lodash/-/lodash-4.17.21.tgz",
      "integrity": "sha512-v2kDEe57lecTulaDIuNTPy3Ry4gLGJ6Z1O3vE1krgXZNrsQ+LFTGHVxVjcXPs17LhbZVGedAJv8XZ1tvj5FvSg=="
    },
    "node_modules/lodash.throttle": {
      "version": "4.1.1",
      "resolved": "https://registry.npmjs.org/lodash.throttle/-/lodash.throttle-4.1.1.tgz",
      "integrity": "sha512-wIkUCfVKpVsWo3JSZlc+8MB5it+2AN5W8J7YVMST30UrvcQNZ1Okbj+rbVniijTWE6FGYy4XJq/rHkas8qJMLQ=="
    },
    "node_modules/nanoid": {
      "version": "2.1.11",
      "resolved": "https://registry.npmjs.org/nanoid/-/nanoid-2.1.11.tgz",
      "integrity": "sha512-s/snB+WGm6uwi0WjsZdaVcuf3KJXlfGl2LcxgwkEwJF0D/BWzVWAZW/XY4bFaiR7s0Jk3FPvlnepg1H1b1UwlA=="
    },
    "node_modules/native-promise-only": {
      "version": "0.8.1",
      "resolved": "https://registry.npmjs.org/native-promise-only/-/native-promise-only-0.8.1.tgz",
      "integrity": "sha512-zkVhZUA3y8mbz652WrL5x0fB0ehrBkulWT3TomAQ9iDtyXZvzKeEA6GPxAItBYeNYl5yngKRX612qHOhvMkDeg=="
    },
    "node_modules/notiflix": {
      "version": "3.2.6",
      "resolved": "https://registry.npmjs.org/notiflix/-/notiflix-3.2.6.tgz",
      "integrity": "sha512-mUoaJ/s9E4r8o1O8XRqcuXEylpgOkfXtI5SEkBBlBK+LK7nq1c6qQaQcF7QzS/S018Ww7uUqSZotOs5cHENvVw=="
    },
    "node_modules/shortid": {
      "version": "2.2.16",
      "resolved": "https://registry.npmjs.org/shortid/-/shortid-2.2.16.tgz",
      "integrity": "sha512-Ugt+GIZqvGXCIItnsL+lvFJOiN7RYqlGy7QE41O3YC1xbNSeDGIRO7xg2JJXIAj1cAGnOeC1r7/T9pgrtQbv4g==",
      "dependencies": {
        "nanoid": "^2.1.0"
      }
    },
    "node_modules/simplelightbox": {
      "version": "2.12.1",
      "resolved": "https://registry.npmjs.org/simplelightbox/-/simplelightbox-2.12.1.tgz",
      "integrity": "sha512-eakBM55H6xc6j79tj1Mo82J2GeUyujyOMW26s+Z7HGNMwsXBxA+oQJ0q7w3L9joKAtmceLWZUrnZnQBm4PnfCA=="
    },
    "node_modules/uuid": {
      "version": "9.0.0",
      "resolved": "https://registry.npmjs.org/uuid/-/uuid-9.0.0.tgz",
      "integrity": "sha512-MXcSTerfPa4uqyzStbRoTgt5XIe3x5+42+q1sDuy3R5MDk66URdLMOZe5aPX/SQd+kuYAh0FdP/pO28IkQyTeg==",
      "bin": {
        "uuid": "dist/bin/uuid"
      }
    },
    "node_modules/weakmap-polyfill": {
      "version": "2.0.4",
      "resolved": "https://registry.npmjs.org/weakmap-polyfill/-/weakmap-polyfill-2.0.4.tgz",
      "integrity": "sha512-ZzxBf288iALJseijWelmECm/1x7ZwQn3sMYIkDr2VvZp7r6SEKuT8D0O9Wiq6L9Nl5mazrOMcmiZE/2NCenaxw==",
      "engines": {
        "node": ">=8.10.0"
      }
    }
  },
  "dependencies": {
    "@hapi/hoek": {
      "version": "9.3.0",
      "resolved": "https://registry.npmjs.org/@hapi/hoek/-/hoek-9.3.0.tgz",
      "integrity": "sha512-/c6rf4UJlmHlC9b5BaNvzAcFv7HZ2QHaV0D4/HNlBdvFnvQq8RI4kYdhyPCl7Xj+oWvTWQ8ujhqS53LIgAe6KQ=="
    },
    "@hapi/topo": {
      "version": "5.1.0",
      "resolved": "https://registry.npmjs.org/@hapi/topo/-/topo-5.1.0.tgz",
      "integrity": "sha512-foQZKJig7Ob0BMAYBfcJk8d77QtOe7Wo4ox7ff1lQYoNNAb6jwcY1ncdoy2e9wQZzvNy7ODZCYJkK8kzmcAnAg==",
      "requires": {
        "@hapi/hoek": "^9.0.0"
      }
    },
    "@sideway/address": {
      "version": "4.1.4",
      "resolved": "https://registry.npmjs.org/@sideway/address/-/address-4.1.4.tgz",
      "integrity": "sha512-7vwq+rOHVWjyXxVlR76Agnvhy8I9rpzjosTESvmhNeXOXdZZB15Fl+TI9x1SiHZH5Jv2wTGduSxFDIaq0m3DUw==",
      "requires": {
        "@hapi/hoek": "^9.0.0"
      }
    },
    "@sideway/formula": {
      "version": "3.0.0",
      "resolved": "https://registry.npmjs.org/@sideway/formula/-/formula-3.0.0.tgz",
      "integrity": "sha512-vHe7wZ4NOXVfkoRb8T5otiENVlT7a3IAiw7H5M2+GO+9CDgcVUUsX1zalAztCmwyOr2RUTGJdgB+ZvSVqmdHmg=="
    },
    "@sideway/pinpoint": {
      "version": "2.0.0",
      "resolved": "https://registry.npmjs.org/@sideway/pinpoint/-/pinpoint-2.0.0.tgz",
      "integrity": "sha512-RNiOoTPkptFtSVzQevY/yWtZwf/RxyVnPy/OcA9HBM3MlGDnBEYL5B41H0MTn0Uec8Hi+2qUtTfG2WWZBmMejQ=="
    },
    "@thednp/event-listener": {
      "version": "2.0.0-alpha8",
      "resolved": "https://registry.npmjs.org/@thednp/event-listener/-/event-listener-2.0.0-alpha8.tgz",
      "integrity": "sha512-5VVMxP0OqQy/0+TRbkLVgDoPROA2/icadwG14QRt5IWrq3dN4sBskkzHOFQyBX3t5WrXXr52ZXcsTc/WzlpsXg=="
    },
    "@thednp/shorty": {
      "version": "2.0.0-alpha12",
      "resolved": "https://registry.npmjs.org/@thednp/shorty/-/shorty-2.0.0-alpha12.tgz",
      "integrity": "sha512-EYjIe5TnKzr+hq9S3YtVgOwsfshZxSXmorKrVdq/BiglHbyzQHhHqwCO9k5aZcFQmf/rcqX/VhoOPGNCpz6b0A=="
    },
    "@vimeo/player": {
      "version": "2.18.0",
      "resolved": "https://registry.npmjs.org/@vimeo/player/-/player-2.18.0.tgz",
      "integrity": "sha512-AJ8LQJ0WQXoPO6GBiMRmcBpdpUMnNm12blG/H80BgKD75w/+pLw0t1vzDHCE915O2OlFau6u1Q0QVw2HS1eRvg==",
      "requires": {
        "native-promise-only": "0.8.1",
        "weakmap-polyfill": "2.0.4"
      }
    },
    "bootstrap.native": {
      "version": "5.0.4",
      "resolved": "https://registry.npmjs.org/bootstrap.native/-/bootstrap.native-5.0.4.tgz",
      "integrity": "sha512-isPIHDAHfAyW5/fAqeKrkADx+GdUrDWdt4O4y/c8tfJKNGunRHESRX2T4Y8p9R+y2OP2k99YoUjYScGnJlU/dQ==",
      "requires": {
        "@thednp/event-listener": "^2.0.0-alpha8",
        "@thednp/shorty": "^2.0.0-alpha12"
      }
    },
    "flatpickr": {
      "version": "4.6.13",
      "resolved": "https://registry.npmjs.org/flatpickr/-/flatpickr-4.6.13.tgz",
      "integrity": "sha512-97PMG/aywoYpB4IvbvUJi0RQi8vearvU0oov1WW3k0WZPBMrTQVqekSX5CjSG/M4Q3i6A/0FKXC7RyAoAUUSPw=="
    },
    "joi": {
      "version": "17.6.4",
      "resolved": "https://registry.npmjs.org/joi/-/joi-17.6.4.tgz",
      "integrity": "sha512-tPzkTJHZQjSFCc842QpdVpOZ9LI2txApboNUbW70qgnRB14Lzl+oWQOPdF2N4yqyiY14wBGe8lc7f/2hZxbGmw==",
      "requires": {
        "@hapi/hoek": "^9.0.0",
        "@hapi/topo": "^5.0.0",
        "@sideway/address": "^4.1.3",
        "@sideway/formula": "^3.0.0",
        "@sideway/pinpoint": "^2.0.0"
      }
    },
    "lodash": {
      "version": "4.17.21",
      "resolved": "https://registry.npmjs.org/lodash/-/lodash-4.17.21.tgz",
      "integrity": "sha512-v2kDEe57lecTulaDIuNTPy3Ry4gLGJ6Z1O3vE1krgXZNrsQ+LFTGHVxVjcXPs17LhbZVGedAJv8XZ1tvj5FvSg=="
    },
    "lodash.throttle": {
      "version": "4.1.1",
      "resolved": "https://registry.npmjs.org/lodash.throttle/-/lodash.throttle-4.1.1.tgz",
      "integrity": "sha512-wIkUCfVKpVsWo3JSZlc+8MB5it+2AN5W8J7YVMST30UrvcQNZ1Okbj+rbVniijTWE6FGYy4XJq/rHkas8qJMLQ=="
    },
    "nanoid": {
      "version": "2.1.11",
      "resolved": "https://registry.npmjs.org/nanoid/-/nanoid-2.1.11.tgz",
      "integrity": "sha512-s/snB+WGm6uwi0WjsZdaVcuf3KJXlfGl2LcxgwkEwJF0D/BWzVWAZW/XY4bFaiR7s0Jk3FPvlnepg1H1b1UwlA=="
    },
    "native-promise-only": {
      "version": "0.8.1",
      "resolved": "https://registry.npmjs.org/native-promise-only/-/native-promise-only-0.8.1.tgz",
      "integrity": "sha512-zkVhZUA3y8mbz652WrL5x0fB0ehrBkulWT3TomAQ9iDtyXZvzKeEA6GPxAItBYeNYl5yngKRX612qHOhvMkDeg=="
    },
    "notiflix": {
      "version": "3.2.6",
      "resolved": "https://registry.npmjs.org/notiflix/-/notiflix-3.2.6.tgz",
      "integrity": "sha512-mUoaJ/s9E4r8o1O8XRqcuXEylpgOkfXtI5SEkBBlBK+LK7nq1c6qQaQcF7QzS/S018Ww7uUqSZotOs5cHENvVw=="
    },
    "shortid": {
      "version": "2.2.16",
      "resolved": "https://registry.npmjs.org/shortid/-/shortid-2.2.16.tgz",
      "integrity": "sha512-Ugt+GIZqvGXCIItnsL+lvFJOiN7RYqlGy7QE41O3YC1xbNSeDGIRO7xg2JJXIAj1cAGnOeC1r7/T9pgrtQbv4g==",
      "requires": {
        "nanoid": "^2.1.0"
      }
    },
    "simplelightbox": {
      "version": "2.12.1",
      "resolved": "https://registry.npmjs.org/simplelightbox/-/simplelightbox-2.12.1.tgz",
      "integrity": "sha512-eakBM55H6xc6j79tj1Mo82J2GeUyujyOMW26s+Z7HGNMwsXBxA+oQJ0q7w3L9joKAtmceLWZUrnZnQBm4PnfCA=="
    },
    "uuid": {
      "version": "9.0.0",
      "resolved": "https://registry.npmjs.org/uuid/-/uuid-9.0.0.tgz",
      "integrity": "sha512-MXcSTerfPa4uqyzStbRoTgt5XIe3x5+42+q1sDuy3R5MDk66URdLMOZe5aPX/SQd+kuYAh0FdP/pO28IkQyTeg=="
    },
    "weakmap-polyfill": {
      "version": "2.0.4",
      "resolved": "https://registry.npmjs.org/weakmap-polyfill/-/weakmap-polyfill-2.0.4.tgz",
      "integrity": "sha512-ZzxBf288iALJseijWelmECm/1x7ZwQn3sMYIkDr2VvZp7r6SEKuT8D0O9Wiq6L9Nl5mazrOMcmiZE/2NCenaxw=="
    }
  }
}
